
Microsoft Visual Studio Solution File, Format Version 12.00
# Visual Studio 15
VisualStudioVersion = 15.0.27428.2043
MinimumVisualStudioVersion = 10.0.40219.1
Project("{FAE04EC0-301F-11D3-BF4B-00C04F79EFBC}") = "ACS.WEB", "ACS.WEB\ACS.WEB.csproj", "{7F60AEAE-D376-4263-B71E-26B83EFCEF08}"
EndProject
Project("{FAE04EC0-301F-11D3-BF4B-00C04F79EFBC}") = "ACS.DAL", "ACS.DAL\ACS.DAL.csproj", "{CA4FF575-EE2C-45B8-BEB7-8E396218DCEF}"
EndProject
Project("{FAE04EC0-301F-11D3-BF4B-00C04F79EFBC}") = "ACS.BLL", "ACS.BLL\ACS.BLL.csproj", "{386A2A76-6372-4066-8E2C-E39FDEA3373A}"
EndProject
Global
	GlobalSection(SolutionConfigurationPlatforms) = preSolution
		Debug|Any CPU = Debug|Any CPU
		Release|Any CPU = Release|Any CPU
	EndGlobalSection
	GlobalSection(ProjectConfigurationPlatforms) = postSolution
		{7F60AEAE-D376-4263-B71E-26B83EFCEF08}.Debug|Any CPU.ActiveCfg = Debug|Any CPU
		{7F60AEAE-D376-4263-B71E-26B83EFCEF08}.Debug|Any CPU.Build.0 = Debug|Any CPU
		{7F60AEAE-D376-4263-B71E-26B83EFCEF08}.Release|Any CPU.ActiveCfg = Release|Any CPU
		{7F60AEAE-D376-4263-B71E-26B83EFCEF08}.Release|Any CPU.Build.0 = Release|Any CPU
		{CA4FF575-EE2C-45B8-BEB7-8E396218DCEF}.Debug|Any CPU.ActiveCfg = Debug|Any CPU
		{CA4FF575-EE2C-45B8-BEB7-8E396218DCEF}.Debug|Any CPU.Build.0 = Debug|Any CPU
		{CA4FF575-EE2C-45B8-BEB7-8E396218DCEF}.Release|Any CPU.ActiveCfg = Release|Any CPU
		{CA4FF575-EE2C-45B8-BEB7-8E396218DCEF}.Release|Any CPU.Build.0 = Release|Any CPU
		{386A2A76-6372-4066-8E2C-E39FDEA3373A}.Debug|Any CPU.ActiveCfg = Debug|Any CPU
		{386A2A76-6372-4066-8E2C-E39FDEA3373A}.Debug|Any CPU.Build.0 = Debug|Any CPU
		{386A2A76-6372-4066-8E2C-E39FDEA3373A}.Release|Any CPU.ActiveCfg = Release|Any CPU
		{386A2A76-6372-4066-8E2C-E39FDEA3373A}.Release|Any CPU.Build.0 = Release|Any CPU
	EndGlobalSection
	GlobalSection(SolutionProperties) = preSolution
		HideSolutionNode = FALSE
	EndGlobalSection
	GlobalSection(ExtensibilityGlobals) = postSolution
		SolutionGuid = {041776C1-1A6E-4F22-8A5E-8251907D1FC2}
	EndGlobalSection
EndGlobal
